attrs==26.1.0
coverage==7.14.0
execnet==2.1.2
hypothesis==6.152.7
iniconfig==2.3.0
jsonschema==4.26.0
jsonschema-specifications==2025.9.1
networkx==3.6.1
packaging==26.2
pluggy==1.6.0
Pygments==2.20.0
pyparsing==3.3.2
pytest==9.0.3
pytest-cov==7.1.0
pytest-xdist==3.8.0
python-frontmatter==1.1.0
PyYAML==6.0.3
rdflib==7.6.0
referencing==0.37.0
rpds-py==0.30.0
sortedcontainers==2.4.0
syrupy==5.1.0
typing_extensions==4.15.0
